// !$*UTF8*$!
{
	archiveVersion = 1;
	classes = {
	};
	objectVersion = 51;
	objects = {

/* Begin PBXBuildFile section */
		200DD0C724CF08C700E7D153 /* MapViewController.swift in Sources */ = {isa = PBXBuildFile; fileRef = 200DD0C624CF08C700E7D153 /* MapViewController.swift */; };
		201D903524B3976400936170 /* AppDelegate.swift in Sources */ = {isa = PBXBuildFile; fileRef = 201D903424B3976400936170 /* AppDelegate.swift */; };
		201D903724B3976400936170 /* SceneDelegate.swift in Sources */ = {isa = PBXBuildFile; fileRef = 201D903624B3976400936170 /* SceneDelegate.swift */; };
		201D903C24B3976400936170 /* Main.storyboard in Resources */ = {isa = PBXBuildFile; fileRef = 201D903A24B3976400936170 /* Main.storyboard */; };
		201D903E24B3976700936170 /* Assets.xcassets in Resources */ = {isa = PBXBuildFile; fileRef = 201D903D24B3976700936170 /* Assets.xcassets */; };
		201D904124B3976700936170 /* LaunchScreen.storyboard in Resources */ = {isa = PBXBuildFile; fileRef = 201D903F24B3976700936170 /* LaunchScreen.storyboard */; };
		201D904924B39DF300936170 /* MainViewController.swift in Sources */ = {isa = PBXBuildFile; fileRef = 201D904824B39DF300936170 /* MainViewController.swift */; };
		2077481E24C0C861006AF64E /* NewPlaceViewController.swift in Sources */ = {isa = PBXBuildFile; fileRef = 2077481D24C0C861006AF64E /* NewPlaceViewController.swift */; };
		208B52E724C77FA8004EFF0C /* StorageManager.swift in Sources */ = {isa = PBXBuildFile; fileRef = 208B52E624C77FA8004EFF0C /* StorageManager.swift */; };
		2098E08324B4F5DC0005AF79 /* CustomTableViewCell.swift in Sources */ = {isa = PBXBuildFile; fileRef = 2098E08224B4F5DC0005AF79 /* CustomTableViewCell.swift */; };
		2098E08524B4FA020005AF79 /* PlaceModel.swift in Sources */ = {isa = PBXBuildFile; fileRef = 2098E08424B4FA020005AF79 /* PlaceModel.swift */; };
		20A2AC8524CC88A900B7361D /* RatingControl.swift in Sources */ = {isa = PBXBuildFile; fileRef = 20A2AC8424CC88A900B7361D /* RatingControl.swift */; };
		2F7D05DEE5E4914FFF625175 /* Pods_MyPlaces.framework in Frameworks */ = {isa = PBXBuildFile; fileRef = ECFBB60F7C973007D18C3C65 /* Pods_MyPlaces.framework */; };
/* End PBXBuildFile section */

/* Begin PBXFileReference section */
		200DD0C624CF08C700E7D153 /* MapViewController.swift */ = {isa = PBXFileReference; lastKnownFileType = sourcecode.swift; path = MapViewController.swift; sourceTree = "<group>"; };
		201D903124B3976400936170 /* MyPlaces.app */ = {isa = PBXFileReference; explicitFileType = wrapper.application; includeInIndex = 0; path = MyPlaces.app; sourceTree = BUILT_PRODUCTS_DIR; };
		201D903424B3976400936170 /* AppDelegate.swift */ = {isa = PBXFileReference; lastKnownFileType = sourcecode.swift; path = AppDelegate.swift; sourceTree = "<group>"; };
		201D903624B3976400936170 /* SceneDelegate.swift */ = {isa = PBXFileReference; lastKnownFileType = sourcecode.swift; path = SceneDelegate.swift; sourceTree = "<group>"; };
		201D903B24B3976400936170 /* Base */ = {isa = PBXFileReference; lastKnownFileType = file.storyboard; name = Base; path = Base.lproj/Main.storyboard; sourceTree = "<group>"; };
		201D903D24B3976700936170 /* Assets.xcassets */ = {isa = PBXFileReference; lastKnownFileType = folder.assetcatalog; path = Assets.xcassets; sourceTree = "<group>"; };
		201D904024B3976700936170 /* Base */ = {isa = PBXFileReference; lastKnownFileType = file.storyboard; name = Base; path = Base.lproj/LaunchScreen.storyboard; sourceTree = "<group>"; };
		201D904224B3976700936170 /* Info.plist */ = {isa = PBXFileReference; lastKnownFileType = text.plist.xml; path = Info.plist; sourceTree = "<group>"; };
		201D904824B39DF300936170 /* MainViewController.swift */ = {isa = PBXFileReference; lastKnownFileType = sourcecode.swift; path = MainViewController.swift; sourceTree = "<group>"; };
		2077481D24C0C861006AF64E /* NewPlaceViewController.swift */ = {isa = PBXFileReference; lastKnownFileType = sourcecode.swift; path = NewPlaceViewController.swift; sourceTree = "<group>"; };
		208B52E624C77FA8004EFF0C /* StorageManager.swift */ = {isa = PBXFileReference; lastKnownFileType = sourcecode.swift; path = StorageManager.swift; sourceTree = "<group>"; };
		2098E08224B4F5DC0005AF79 /* CustomTableViewCell.swift */ = {isa = PBXFileReference; lastKnownFileType = sourcecode.swift; path = CustomTableViewCell.swift; sourceTree = "<group>"; };
		2098E08424B4FA020005AF79 /* PlaceModel.swift */ = {isa = PBXFileReference; lastKnownFileType = sourcecode.swift; path = PlaceModel.swift; sourceTree = "<group>"; };
		20A2AC8424CC88A900B7361D /* RatingControl.swift */ = {isa = PBXFileReference; lastKnownFileType = sourcecode.swift; path = RatingControl.swift; sourceTree = "<group>"; };
		3E72FA89E421C6A5D32C6474 /* Pods-MyPlaces.debug.xcconfig */ = {isa = PBXFileReference; includeInIndex = 1; lastKnownFileType = text.xcconfig; name = "Pods-MyPlaces.debug.xcconfig"; path = "Target Support Files/Pods-MyPlaces/Pods-MyPlaces.debug.xcconfig"; sourceTree = "<group>"; };
		8CB1DDEB47C408171E9F782D /* Pods-MyPlaces.release.xcconfig */ = {isa = PBXFileReference; includeInIndex = 1; lastKnownFileType = text.xcconfig; name = "Pods-MyPlaces.release.xcconfig"; path = "Target Support Files/Pods-MyPlaces/Pods-MyPlaces.release.xcconfig"; sourceTree = "<group>"; };
		ECFBB60F7C973007D18C3C65 /* Pods_MyPlaces.framework */ = {isa = PBXFileReference; explicitFileType = wrapper.framework; includeInIndex = 0; path = Pods_MyPlaces.framework; sourceTree = BUILT_PRODUCTS_DIR; };
/* End PBXFileReference section */

/* Begin PBXFrameworksBuildPhase section */
		201D902E24B3976400936170 /* Frameworks */ = {
			isa = PBXFrameworksBuildPhase;
			buildActionMask = 2147483647;
			files = (
				2F7D05DEE5E4914FFF625175 /* Pods_MyPlaces.framework in Frameworks */,
			);
			runOnlyForDeploymentPostprocessing = 0;
		};
/* End PBXFrameworksBuildPhase section */

/* Begin PBXGroup section */
		201D902824B3976400936170 = {
			isa = PBXGroup;
			children = (
				201D903324B3976400936170 /* MyPlaces */,
				201D903224B3976400936170 /* Products */,
				50B7E0042C82E12B67CA0789 /* Pods */,
				BC73E9161C746C5314CA27A4 /* Frameworks */,
			);
			sourceTree = "<group>";
		};
		201D903224B3976400936170 /* Products */ = {
			isa = PBXGroup;
			children = (
				201D903124B3976400936170 /* MyPlaces.app */,
			);
			name = Products;
			sourceTree = "<group>";
		};
		201D903324B3976400936170 /* MyPlaces */ = {
			isa = PBXGroup;
			children = (
				200DD0C624CF08C700E7D153 /* MapViewController.swift */,
				2077481D24C0C861006AF64E /* NewPlaceViewController.swift */,
				201D903424B3976400936170 /* AppDelegate.swift */,
				201D904824B39DF300936170 /* MainViewController.swift */,
				2098E08224B4F5DC0005AF79 /* CustomTableViewCell.swift */,
				20A2AC8424CC88A900B7361D /* RatingControl.swift */,
				2098E08424B4FA020005AF79 /* PlaceModel.swift */,
				208B52E624C77FA8004EFF0C /* StorageManager.swift */,
				201D903624B3976400936170 /* SceneDelegate.swift */,
				201D903A24B3976400936170 /* Main.storyboard */,
				201D903D24B3976700936170 /* Assets.xcassets */,
				201D903F24B3976700936170 /* LaunchScreen.storyboard */,
				201D904224B3976700936170 /* Info.plist */,
			);
			path = MyPlaces;
			sourceTree = "<group>";
		};
		50B7E0042C82E12B67CA0789 /* Pods */ = {
			isa = PBXGroup;
			children = (
				3E72FA89E421C6A5D32C6474 /* Pods-MyPlaces.debug.xcconfig */,
				8CB1DDEB47C408171E9F782D /* Pods-MyPlaces.release.xcconfig */,
			);
			path = Pods;
			sourceTree = "<group>";
		};
		BC73E9161C746C5314CA27A4 /* Frameworks */ = {
			isa = PBXGroup;
			children = (
				ECFBB60F7C973007D18C3C65 /* Pods_MyPlaces.framework */,
			);
			name = Frameworks;
			sourceTree = "<group>";
		};
/* End PBXGroup section */

/* Begin PBXNativeTarget section */
		201D903024B3976400936170 /* MyPlaces */ = {
			isa = PBXNativeTarget;
			buildConfigurationList = 201D904524B3976700936170 /* Build configuration list for PBXNativeTarget "MyPlaces" */;
			buildPhases = (
				68F3D994484DB46B60248489 /* [CP] Check Pods Manifest.lock */,
				201D902D24B3976400936170 /* Sources */,
				201D902E24B3976400936170 /* Frameworks */,
				201D902F24B3976400936170 /* Resources */,
				6EB7AEA0D1E62C820B8B8506 /* [CP] Embed Pods Frameworks */,
			);
			buildRules = (
			);
			dependencies = (
			);
			name = MyPlaces;
			productName = MyPlaces;
			productReference = 201D903124B3976400936170 /* MyPlaces.app */;
			productType = "com.apple.product-type.application";
		};
/* End PBXNativeTarget section */

/* Begin PBXProject section */
		201D902924B3976400936170 /* Project object */ = {
			isa = PBXProject;
			attributes = {
				LastSwiftUpdateCheck = 1150;
				LastUpgradeCheck = 1150;
				ORGANIZATIONNAME = "Lyudmila Tokar";
				TargetAttributes = {
					201D903024B3976400936170 = {
						CreatedOnToolsVersion = 11.5;
					};
				};
			};
			buildConfigurationList = 201D902C24B3976400936170 /* Build configuration list for PBXProject "MyPlaces" */;
			compatibilityVersion = "Xcode 9.3";
			developmentRegion = en;
			hasScannedForEncodings = 0;
			knownRegions = (
				en,
				Base,
			);
			mainGroup = 201D902824B3976400936170;
			productRefGroup = 201D903224B3976400936170 /* Products */;
			projectDirPath = "";
			projectRoot = "";
			targets = (
				201D903024B3976400936170 /* MyPlaces */,
			);
		};
/* End PBXProject section */

/* Begin PBXResourcesBuildPhase section */
		201D902F24B3976400936170 /* Resources */ = {
			isa = PBXResourcesBuildPhase;
			buildActionMask = 2147483647;
			files = (
				201D904124B3976700936170 /* LaunchScreen.storyboard in Resources */,
				201D903E24B3976700936170 /* Assets.xcassets in Resources */,
				201D903C24B3976400936170 /* Main.storyboard in Resources */,
			);
			runOnlyForDeploymentPostprocessing = 0;
		};
/* End PBXResourcesBuildPhase section */

/* Begin PBXShellScriptBuildPhase section */
		68F3D994484DB46B60248489 /* [CP] Check Pods Manifest.lock */ = {
			isa = PBXShellScriptBuildPhase;
			buildActionMask = 2147483647;
			files = (
			);
			inputFileListPaths = (
			);
			inputPaths = (
				"${PODS_PODFILE_DIR_PATH}/Podfile.lock",
				"${PODS_ROOT}/Manifest.lock",
			);
			name = "[CP] Check Pods Manifest.lock";
			outputFileListPaths = (
			);
			outputPaths = (
				"$(DERIVED_FILE_DIR)/Pods-MyPlaces-checkManifestLockResult.txt",
			);
			runOnlyForDeploymentPostprocessing = 0;
			shellPath = /bin/sh;
			shellScript = "diff \"${PODS_PODFILE_DIR_PATH}/Podfile.lock\" \"${PODS_ROOT}/Manifest.lock\" > /dev/null\nif [ $? != 0 ] ; then\n    # print error to STDERR\n    echo \"error: The sandbox is not in sync with the Podfile.lock. Run 'pod install' or update your CocoaPods installation.\" >&2\n    exit 1\nfi\n# This output is used by Xcode 'outputs' to avoid re-running this script phase.\necho \"SUCCESS\" > \"${SCRIPT_OUTPUT_FILE_0}\"\n";
			showEnvVarsInLog = 0;
		};
		6EB7AEA0D1E62C820B8B8506 /* [CP] Embed Pods Frameworks */ = {
			isa = PBXShellScriptBuildPhase;
			buildActionMask = 2147483647;
			files = (
			);
			inputFileListPaths = (
				"${PODS_ROOT}/Target Support Files/Pods-MyPlaces/Pods-MyPlaces-frameworks-${CONFIGURATION}-input-files.xcfilelist",
			);
			name = "[CP] Embed Pods Frameworks";
			outputFileListPaths = (
				"${PODS_ROOT}/Target Support Files/Pods-MyPlaces/Pods-MyPlaces-frameworks-${CONFIGURATION}-output-files.xcfilelist",
			);
			runOnlyForDeploymentPostprocessing = 0;
			shellPath = /bin/sh;
			shellScript = "\"${PODS_ROOT}/Target Support Files/Pods-MyPlaces/Pods-MyPlaces-frameworks.sh\"\n";
			showEnvVarsInLog = 0;
		};
/* End PBXShellScriptBuildPhase section */

/* Begin PBXSourcesBuildPhase section */
		201D902D24B3976400936170 /* Sources */ = {
			isa = PBXSourcesBuildPhase;
			buildActionMask = 2147483647;
			files = (
				201D904924B39DF300936170 /* MainViewController.swift in Sources */,
				2077481E24C0C861006AF64E /* NewPlaceViewController.swift in Sources */,
				201D903524B3976400936170 /* AppDelegate.swift in Sources */,
				208B52E724C77FA8004EFF0C /* StorageManager.swift in Sources */,
				200DD0C724CF08C700E7D153 /* MapViewController.swift in Sources */,
				20A2AC8524CC88A900B7361D /* RatingControl.swift in Sources */,
				2098E08524B4FA020005AF79 /* PlaceModel.swift in Sources */,
				2098E08324B4F5DC0005AF79 /* CustomTableViewCell.swift in Sources */,
				201D903724B3976400936170 /* SceneDelegate.swift in Sources */,
			);
			runOnlyForDeploymentPostprocessing = 0;
		};
/* End PBXSourcesBuildPhase section */

/* Begin PBXVariantGroup section */
		201D903A24B3976400936170 /* Main.storyboard */ = {
			isa = PBXVariantGroup;
			children = (
				201D903B24B3976400936170 /* Base */,
			);
			name = Main.storyboard;
			sourceTree = "<group>";
		};
		201D903F24B3976700936170 /* LaunchScreen.storyboard */ = {
			isa = PBXVariantGroup;
			children = (
				201D904024B3976700936170 /* Base */,
			);
			name = LaunchScreen.storyboard;
			sourceTree = "<group>";
		};
/* End PBXVariantGroup section */

/* Begin XCBuildConfiguration section */
		201D904324B3976700936170 /* Debug */ = {
			isa = XCBuildConfiguration;
			buildSettings = {
				ALWAYS_SEARCH_USER_PATHS = NO;
				CLANG_ANALYZER_NONNULL = YES;
				CLANG_ANALYZER_NUMBER_OBJECT_CONVERSION = YES_AGGRESSIVE;
				CLANG_CXX_LANGUAGE_STANDARD = "gnu++14";
				CLANG_CXX_LIBRARY = "libc++";
				CLANG_ENABLE_MODULES = YES;
				CLANG_ENABLE_OBJC_ARC = YES;
				CLANG_ENABLE_OBJC_WEAK = YES;
				CLANG_WARN_BLOCK_CAPTURE_AUTORELEASING = YES;
				CLANG_WARN_BOOL_CONVERSION = YES;
				CLANG_WARN_COMMA = YES;
				CLANG_WARN_CONSTANT_CONVERSION = YES;
				CLANG_WARN_DEPRECATED_OBJC_IMPLEMENTATIONS = YES;
				CLANG_WARN_DIRECT_OBJC_ISA_USAGE = YES_ERROR;
				CLANG_WARN_DOCUMENTATION_COMMENTS = YES;
				CLANG_WARN_EMPTY_BODY = YES;
				CLANG_WARN_ENUM_CONVERSION = YES;
				CLANG_WARN_INFINITE_RECURSION = YES;
				CLANG_WARN_INT_CONVERSION = YES;
				CLANG_WARN_NON_LITERAL_NULL_CONVERSION = YES;
				CLANG_WARN_OBJC_IMPLICIT_RETAIN_SELF = YES;
				CLANG_WARN_OBJC_LITERAL_CONVERSION = YES;
				CLANG_WARN_OBJC_ROOT_CLASS = YES_ERROR;
				CLANG_WARN_RANGE_LOOP_ANALYSIS = YES;
				CLANG_WARN_STRICT_PROTOTYPES = YES;
				CLANG_WARN_SUSPICIOUS_MOVE = YES;
				CLANG_WARN_UNGUARDED_AVAILABILITY = YES_AGGRESSIVE;
				CLANG_WARN_UNREACHABLE_CODE = YES;
				CLANG_WARN__DUPLICATE_METHOD_MATCH = YES;
				COPY_PHASE_STRIP = NO;
				DEBUG_INFORMATION_FORMAT = dwarf;
				ENABLE_STRICT_OBJC_MSGSEND = YES;
				ENABLE_TESTABILITY = YES;
				GCC_C_LANGUAGE_STANDARD = gnu11;
				GCC_DYNAMIC_NO_PIC = NO;
				GCC_NO_COMMON_BLOCKS = YES;
				GCC_OPTIMIZATION_LEVEL = 0;
				GCC_PREPROCESSOR_DEFINITIONS = (
					"DEBUG=1",
					"$(inherited)",
				);
				GCC_WARN_64_TO_32_BIT_CONVERSION = YES;
				GCC_WARN_ABOUT_RETURN_TYPE = YES_ERROR;
				GCC_WARN_UNDECLARED_SELECTOR = YES;
				GCC_WARN_UNINITIALIZED_AUTOS = YES_AGGRESSIVE;
				GCC_WARN_UNUSED_FUNCTION = YES;
				GCC_WARN_UNUSED_VARIABLE = YES;
				IPHONEOS_DEPLOYMENT_TARGET = 13.5;
				MTL_ENABLE_DEBUG_INFO = INCLUDE_SOURCE;
				MTL_FAST_MATH = YES;
				ONLY_ACTIVE_ARCH = YES;
				SDKROOT = iphoneos;
				SWIFT_ACTIVE_COMPILATION_CONDITIONS = DEBUG;
				SWIFT_OPTIMIZATION_LEVEL = "-Onone";
			};
			name = Debug;
		};
		201D904424B3976700936170 /* Release */ = {
			isa = XCBuildConfiguration;
			buildSettings = {
				ALWAYS_SEARCH_USER_PATHS = NO;
				CLANG_ANALYZER_NONNULL = YES;
				CLANG_ANALYZER_NUMBER_OBJECT_CONVERSION = YES_AGGRESSIVE;
				CLANG_CXX_LANGUAGE_STANDARD = "gnu++14";
				CLANG_CXX_LIBRARY = "libc++";
				CLANG_ENABLE_MODULES = YES;
				CLANG_ENABLE_OBJC_ARC = YES;
				CLANG_ENABLE_OBJC_WEAK = YES;
				CLANG_WARN_BLOCK_CAPTURE_AUTORELEASING = YES;
				CLANG_WARN_BOOL_CONVERSION = YES;
				CLANG_WARN_COMMA = YES;
				CLANG_WARN_CONSTANT_CONVERSION = YES;
				CLANG_WARN_DEPRECATED_OBJC_IMPLEMENTATIONS = YES;
				CLANG_WARN_DIRECT_OBJC_ISA_USAGE = YES_ERROR;
				CLANG_WARN_DOCUMENTATION_COMMENTS = YES;
				CLANG_WARN_EMPTY_BODY = YES;
				CLANG_WARN_ENUM_CONVERSION = YES;
				CLANG_WARN_INFINITE_RECURSION = YES;
				CLANG_WARN_INT_CONVERSION = YES;
				CLANG_WARN_NON_LITERAL_NULL_CONVERSION = YES;
				CLANG_WARN_OBJC_IMPLICIT_RETAIN_SELF = YES;
				CLANG_WARN_OBJC_LITERAL_CONVERSION = YES;
				CLANG_WARN_OBJC_ROOT_CLASS = YES_ERROR;
				CLANG_WARN_RANGE_LOOP_ANALYSIS = YES;
				CLANG_WARN_STRICT_PROTOTYPES = YES;
				CLANG_WARN_SUSPICIOUS_MOVE = YES;
				CLANG_WARN_UNGUARDED_AVAILABILITY = YES_AGGRESSIVE;
				CLANG_WARN_UNREACHABLE_CODE = YES;
				CLANG_WARN__DUPLICATE_METHOD_MATCH = YES;
				COPY_PHASE_STRIP = NO;
				DEBUG_INFORMATION_FORMAT = "dwarf-with-dsym";
				ENABLE_NS_ASSERTIONS = NO;
				ENABLE_STRICT_OBJC_MSGSEND = YES;
				GCC_C_LANGUAGE_STANDARD = gnu11;
				GCC_NO_COMMON_BLOCKS = YES;
				GCC_WARN_64_TO_32_BIT_CONVERSION = YES;
				GCC_WARN_ABOUT_RETURN_TYPE = YES_ERROR;
				GCC_WARN_UNDECLARED_SELECTOR = YES;
				GCC_WARN_UNINITIALIZED_AUTOS = YES_AGGRESSIVE;
				GCC_WARN_UNUSED_FUNCTION = YES;
				GCC_WARN_UNUSED_VARIABLE = YES;
				IPHONEOS_DEPLOYMENT_TARGET = 13.5;
				MTL_ENABLE_DEBUG_INFO = NO;
				MTL_FAST_MATH = YES;
				SDKROOT = iphoneos;
				SWIFT_COMPILATION_MODE = wholemodule;
				SWIFT_OPTIMIZATION_LEVEL = "-O";
				VALIDATE_PRODUCT = YES;
			};
			name = Release;
		};
		201D904624B3976700936170 /* Debug */ = {
			isa = XCBuildConfiguration;
			baseConfigurationReference = 3E72FA89E421C6A5D32C6474 /* Pods-MyPlaces.debug.xcconfig */;
			buildSettings = {
				ASSETCATALOG_COMPILER_APPICON_NAME = AppIcon;
				CODE_SIGN_STYLE = Automatic;
				DEVELOPMENT_TEAM = X7W7DULXL8;
				INFOPLIST_FILE = MyPlaces/Info.plist;
				LD_RUNPATH_SEARCH_PATHS = (
					"$(inherited)",
					"@executable_path/Frameworks",
				);
				PRODUCT_BUNDLE_IDENTIFIER = mila.lyutok.MyPlaces;
				PRODUCT_NAME = "$(TARGET_NAME)";
				SWIFT_VERSION = 5.0;
				TARGETED_DEVICE_FAMILY = "1,2";
			};
			name = Debug;
		};
		201D904724B3976700936170 /* Release */ = {
			isa = XCBuildConfiguration;
			baseConfigurationReference = 8CB1DDEB47C408171E9F782D /* Pods-MyPlaces.release.xcconfig */;
			buildSettings = {
				ASSETCATALOG_COMPILER_APPICON_NAME = AppIcon;
				CODE_SIGN_STYLE = Automatic;
				DEVELOPMENT_TEAM = X7W7DULXL8;
				INFOPLIST_FILE = MyPlaces/Info.plist;
				LD_RUNPATH_SEARCH_PATHS = (
					"$(inherited)",
					"@executable_path/Frameworks",
				);
				PRODUCT_BUNDLE_IDENTIFIER = mila.lyutok.MyPlaces;
				PRODUCT_NAME = "$(TARGET_NAME)";
				SWIFT_VERSION = 5.0;
				TARGETED_DEVICE_FAMILY = "1,2";
			};
			name = Release;
		};
/* End XCBuildConfiguration section */

/* Begin XCConfigurationList section */
		201D902C24B3976400936170 /* Build configuration list for PBXProject "MyPlaces" */ = {
			isa = XCConfigurationList;
			buildConfigurations = (
				201D904324B3976700936170 /* Debug */,
				201D904424B3976700936170 /* Release */,
			);
			defaultConfigurationIsVisible = 0;
			defaultConfigurationName = Release;
		};
		201D904524B3976700936170 /* Build configuration list for PBXNativeTarget "MyPlaces" */ = {
			isa = XCConfigurationList;
			buildConfigurations = (
				201D904624B3976700936170 /* Debug */,
				201D904724B3976700936170 /* Release */,
			);
			defaultConfigurationIsVisible = 0;
			defaultConfigurationName = Release;
		};
/* End XCConfigurationList section */
	};
	rootObject = 201D902924B3976400936170 /* Project object */;
}
